{
  "name": "expr-eval-sandbox",
  "version": "1.0.0",
  "lockfileVersion": 1,
  "requires": true,
  "dependencies": {
    "expr-eval": {
      "version": "1.2.3",
      "resolved": "https://registry.npmjs.org/expr-eval/-/expr-eval-1.2.3.tgz",
      "integrity": "sha512-HqfsCqw/ScM+CzJMfj2JYjiysgozJmDPDVax94T7o/yU7UwZ8icXAunNF23sOsd3CEf9Q4JdU8Vx6y7LIdGE0w=="
    }
  }
}
